Microsoft Visual Studio Solution File, Format Version 12.00
# Visual Studio Version 17
VisualStudioVersion = 17.5.2.0
MinimumVisualStudioVersion = 10.0.40219.1
Project("{FAE04EC0-301F-11D3-BF4B-00C04F79EFBC}") = "DecompilerServer", "DecompilerServer.csproj", "{6034826B-FBCE-7F22-F3DD-ED7552CB97C8}"
EndProject
Global
	GlobalSection(SolutionConfigurationPlatforms) = preSolution
		Debug|Any CPU = Debug|Any CPU
		Release|Any CPU = Release|Any CPU
	EndGlobalSection
	GlobalSection(ProjectConfigurationPlatforms) = postSolution
		{6034826B-FBCE-7F22-F3DD-ED7552CB97C8}.Debug|Any CPU.ActiveCfg = Debug|Any CPU
		{6034826B-FBCE-7F22-F3DD-ED7552CB97C8}.Debug|Any CPU.Build.0 = Debug|Any CPU
		{6034826B-FBCE-7F22-F3DD-ED7552CB97C8}.Release|Any CPU.ActiveCfg = Release|Any CPU
		{6034826B-FBCE-7F22-F3DD-ED7552CB97C8}.Release|Any CPU.Build.0 = Release|Any CPU
	EndGlobalSection
	GlobalSection(SolutionProperties) = preSolution
		HideSolutionNode = FALSE
	EndGlobalSection
	GlobalSection(ExtensibilityGlobals) = postSolution
		SolutionGuid = {E211687A-52A7-4F07-9395-D143DCF8D589}
	EndGlobalSection
EndGlobal
